
Microsoft Visual Studio Solution File, Format Version 12.00
# Visual Studio Version 16
VisualStudioVersion = 16.0.31613.86
MinimumVisualStudioVersion = 10.0.40219.1
Project("{FAE04EC0-301F-11D3-BF4B-00C04F79EFBC}") = "Streamish", "Streamish\Streamish.csproj", "{110AFB82-BB21-4C1D-8CD8-A6266FF28FD0}"
EndProject
Global
	GlobalSection(SolutionConfigurationPlatforms) = preSolution
		Debug|Any CPU = Debug|Any CPU
		Release|Any CPU = Release|Any CPU
	EndGlobalSection
	GlobalSection(ProjectConfigurationPlatforms) = postSolution
		{110AFB82-BB21-4C1D-8CD8-A6266FF28FD0}.Debug|Any CPU.ActiveCfg = Debug|Any CPU
		{110AFB82-BB21-4C1D-8CD8-A6266FF28FD0}.Debug|Any CPU.Build.0 = Debug|Any CPU
		{110AFB82-BB21-4C1D-8CD8-A6266FF28FD0}.Release|Any CPU.ActiveCfg = Release|Any CPU
		{110AFB82-BB21-4C1D-8CD8-A6266FF28FD0}.Release|Any CPU.Build.0 = Release|Any CPU
	EndGlobalSection
	GlobalSection(SolutionProperties) = preSolution
		HideSolutionNode = FALSE
	EndGlobalSection
	GlobalSection(ExtensibilityGlobals) = postSolution
		SolutionGuid = {122A9EB9-305B-4048-A711-978DB3D9682D}
	EndGlobalSection
EndGlobal
